{
  "name": "assets",
  "version": "1.0.0",
  "lockfileVersion": 3,
  "requires": true,
  "packages": {
    "": {
      "name": "assets",
      "version": "1.0.0",
      "license": "ISC",
      "dependencies": {
        "phoenix": "^1.7.21",
        "phoenix_html": "^4.2.1",
        "tailwindcss": "^4.1.11"
      }
    },
    "node_modules/phoenix": {
      "version": "1.7.21",
      "resolved": "https://registry.npmjs.org/phoenix/-/phoenix-1.7.21.tgz",
      "integrity": "sha512-8wOvJ8pQXRxNbyFlMI+wQhK3bvX4Ps3FtUX2+0cV6lkcebe9VTIl+xS60FLAeaPieFg80djor5z/AKofnwqAUw==",
      "license": "MIT"
    },
    "node_modules/phoenix_html": {
      "version": "4.2.1",
      "resolved": "https://registry.npmjs.org/phoenix_html/-/phoenix_html-4.2.1.tgz",
      "integrity": "sha512-jmxnnkPO8mo5Vw/ZAq9c3AUog9d/M8VoSjleNAvhClE5ynVZuv/m31asHRfqWrhzrZwEM4H+pHh3Br719nr2gw=="
    },
    "node_modules/tailwindcss": {
      "version": "4.1.11",
      "resolved": "https://registry.npmjs.org/tailwindcss/-/tailwindcss-4.1.11.tgz",
      "integrity": "sha512-2E9TBm6MDD/xKYe+dvJZAmg3yxIEDNRc0jwlNyDg/4Fil2QcSLjFKGVff0lAf1jjeaArlG/M75Ey/EYr/OJtBA==",
      "license": "MIT"
    }
  }
}
